
Microsoft Visual Studio Solution File, Format Version 12.00
# Visual Studio Version 16
VisualStudioVersion = 16.0.28803.202
MinimumVisualStudioVersion = 15.0.26124.0
Project("{2150E333-8FDC-42A3-9474-1A3956D46DE8}") = "src", "src", "{3B0AA7E1-B3DB-426F-914D-13BE35224E5F}"
EndProject
Project("{9A19103F-16F7-4668-BE54-9A1E7A4F7556}") = "app", "src\interface\app.csproj", "{4E69950B-190F-48F5-9010-7B5D15F65678}"
EndProject
Project("{9A19103F-16F7-4668-BE54-9A1E7A4F7556}") = "service", "src\service\service.csproj", "{BAC1791D-B129-4703-B36A-0EF17A138F94}"
EndProject
Project("{9A19103F-16F7-4668-BE54-9A1E7A4F7556}") = "domain", "src\domain\domain.csproj", "{453171C3-5F03-40A9-96EC-EF80528760E2}"
EndProject
Project("{9A19103F-16F7-4668-BE54-9A1E7A4F7556}") = "common", "src\common\common.csproj", "{2F90C163-2AD1-47D6-ADE0-F156BE4033DC}"
EndProject
Project("{2150E333-8FDC-42A3-9474-1A3956D46DE8}") = "tst", "tst", "{3AB07DD6-46B0-4C18-9840-F0319637289C}"
EndProject
Project("{9A19103F-16F7-4668-BE54-9A1E7A4F7556}") = "domain-test", "tst\domain\domain-test.csproj", "{998A0176-4CF6-493A-B086-1FBBAF8CC24F}"
EndProject
Project("{9A19103F-16F7-4668-BE54-9A1E7A4F7556}") = "service-test", "tst\service-test\service-test.csproj", "{74EA38FF-0F16-43FD-8960-2E2FA1F9ECE5}"
EndProject
Global
	GlobalSection(SolutionConfigurationPlatforms) = preSolution
		Debug|Any CPU = Debug|Any CPU
		Debug|x64 = Debug|x64
		Debug|x86 = Debug|x86
		Release|Any CPU = Release|Any CPU
		Release|x64 = Release|x64
		Release|x86 = Release|x86
	EndGlobalSection
	GlobalSection(ProjectConfigurationPlatforms) = postSolution
		{4E69950B-190F-48F5-9010-7B5D15F65678}.Debug|Any CPU.ActiveCfg = Debug|Any CPU
		{4E69950B-190F-48F5-9010-7B5D15F65678}.Debug|Any CPU.Build.0 = Debug|Any CPU
		{4E69950B-190F-48F5-9010-7B5D15F65678}.Debug|x64.ActiveCfg = Debug|Any CPU
		{4E69950B-190F-48F5-9010-7B5D15F65678}.Debug|x64.Build.0 = Debug|Any CPU
		{4E69950B-190F-48F5-9010-7B5D15F65678}.Debug|x86.ActiveCfg = Debug|Any CPU
		{4E69950B-190F-48F5-9010-7B5D15F65678}.Debug|x86.Build.0 = Debug|Any CPU
		{4E69950B-190F-48F5-9010-7B5D15F65678}.Release|Any CPU.ActiveCfg = Release|Any CPU
		{4E69950B-190F-48F5-9010-7B5D15F65678}.Release|Any CPU.Build.0 = Release|Any CPU
		{4E69950B-190F-48F5-9010-7B5D15F65678}.Release|x64.ActiveCfg = Release|Any CPU
		{4E69950B-190F-48F5-9010-7B5D15F65678}.Release|x64.Build.0 = Release|Any CPU
		{4E69950B-190F-48F5-9010-7B5D15F65678}.Release|x86.ActiveCfg = Release|Any CPU
		{4E69950B-190F-48F5-9010-7B5D15F65678}.Release|x86.Build.0 = Release|Any CPU
		{BAC1791D-B129-4703-B36A-0EF17A138F94}.Debug|Any CPU.ActiveCfg = Debug|Any CPU
		{BAC1791D-B129-4703-B36A-0EF17A138F94}.Debug|Any CPU.Build.0 = Debug|Any CPU
		{BAC1791D-B129-4703-B36A-0EF17A138F94}.Debug|x64.ActiveCfg = Debug|Any CPU
		{BAC1791D-B129-4703-B36A-0EF17A138F94}.Debug|x64.Build.0 = Debug|Any CPU
		{BAC1791D-B129-4703-B36A-0EF17A138F94}.Debug|x86.ActiveCfg = Debug|Any CPU
		{BAC1791D-B129-4703-B36A-0EF17A138F94}.Debug|x86.Build.0 = Debug|Any CPU
		{BAC1791D-B129-4703-B36A-0EF17A138F94}.Release|Any CPU.ActiveCfg = Release|Any CPU
		{BAC1791D-B129-4703-B36A-0EF17A138F94}.Release|Any CPU.Build.0 = Release|Any CPU
		{BAC1791D-B129-4703-B36A-0EF17A138F94}.Release|x64.ActiveCfg = Release|Any CPU
		{BAC1791D-B129-4703-B36A-0EF17A138F94}.Release|x64.Build.0 = Release|Any CPU
		{BAC1791D-B129-4703-B36A-0EF17A138F94}.Release|x86.ActiveCfg = Release|Any CPU
		{BAC1791D-B129-4703-B36A-0EF17A138F94}.Release|x86.Build.0 = Release|Any CPU
		{453171C3-5F03-40A9-96EC-EF80528760E2}.Debug|Any CPU.ActiveCfg = Debug|Any CPU
		{453171C3-5F03-40A9-96EC-EF80528760E2}.Debug|Any CPU.Build.0 = Debug|Any CPU
		{453171C3-5F03-40A9-96EC-EF80528760E2}.Debug|x64.ActiveCfg = Debug|Any CPU
		{453171C3-5F03-40A9-96EC-EF80528760E2}.Debug|x64.Build.0 = Debug|Any CPU
		{453171C3-5F03-40A9-96EC-EF80528760E2}.Debug|x86.ActiveCfg = Debug|Any CPU
		{453171C3-5F03-40A9-96EC-EF80528760E2}.Debug|x86.Build.0 = Debug|Any CPU
		{453171C3-5F03-40A9-96EC-EF80528760E2}.Release|Any CPU.ActiveCfg = Release|Any CPU
		{453171C3-5F03-40A9-96EC-EF80528760E2}.Release|Any CPU.Build.0 = Release|Any CPU
		{453171C3-5F03-40A9-96EC-EF80528760E2}.Release|x64.ActiveCfg = Release|Any CPU
		{453171C3-5F03-40A9-96EC-EF80528760E2}.Release|x64.Build.0 = Release|Any CPU
		{453171C3-5F03-40A9-96EC-EF80528760E2}.Release|x86.ActiveCfg = Release|Any CPU
		{453171C3-5F03-40A9-96EC-EF80528760E2}.Release|x86.Build.0 = Release|Any CPU
		{2F90C163-2AD1-47D6-ADE0-F156BE4033DC}.Debug|Any CPU.ActiveCfg = Debug|Any CPU
		{2F90C163-2AD1-47D6-ADE0-F156BE4033DC}.Debug|Any CPU.Build.0 = Debug|Any CPU
		{2F90C163-2AD1-47D6-ADE0-F156BE4033DC}.Debug|x64.ActiveCfg = Debug|Any CPU
		{2F90C163-2AD1-47D6-ADE0-F156BE4033DC}.Debug|x64.Build.0 = Debug|Any CPU
		{2F90C163-2AD1-47D6-ADE0-F156BE4033DC}.Debug|x86.ActiveCfg = Debug|Any CPU
		{2F90C163-2AD1-47D6-ADE0-F156BE4033DC}.Debug|x86.Build.0 = Debug|Any CPU
		{2F90C163-2AD1-47D6-ADE0-F156BE4033DC}.Release|Any CPU.ActiveCfg = Release|Any CPU
		{2F90C163-2AD1-47D6-ADE0-F156BE4033DC}.Release|Any CPU.Build.0 = Release|Any CPU
		{2F90C163-2AD1-47D6-ADE0-F156BE4033DC}.Release|x64.ActiveCfg = Release|Any CPU
		{2F90C163-2AD1-47D6-ADE0-F156BE4033DC}.Release|x64.Build.0 = Release|Any CPU
		{2F90C163-2AD1-47D6-ADE0-F156BE4033DC}.Release|x86.ActiveCfg = Release|Any CPU
		{2F90C163-2AD1-47D6-ADE0-F156BE4033DC}.Release|x86.Build.0 = Release|Any CPU
		{998A0176-4CF6-493A-B086-1FBBAF8CC24F}.Debug|Any CPU.ActiveCfg = Debug|Any CPU
		{998A0176-4CF6-493A-B086-1FBBAF8CC24F}.Debug|Any CPU.Build.0 = Debug|Any CPU
		{998A0176-4CF6-493A-B086-1FBBAF8CC24F}.Debug|x64.ActiveCfg = Debug|Any CPU
		{998A0176-4CF6-493A-B086-1FBBAF8CC24F}.Debug|x64.Build.0 = Debug|Any CPU
		{998A0176-4CF6-493A-B086-1FBBAF8CC24F}.Debug|x86.ActiveCfg = Debug|Any CPU
		{998A0176-4CF6-493A-B086-1FBBAF8CC24F}.Debug|x86.Build.0 = Debug|Any CPU
		{998A0176-4CF6-493A-B086-1FBBAF8CC24F}.Release|Any CPU.ActiveCfg = Release|Any CPU
		{998A0176-4CF6-493A-B086-1FBBAF8CC24F}.Release|Any CPU.Build.0 = Release|Any CPU
		{998A0176-4CF6-493A-B086-1FBBAF8CC24F}.Release|x64.ActiveCfg = Release|Any CPU
		{998A0176-4CF6-493A-B086-1FBBAF8CC24F}.Release|x64.Build.0 = Release|Any CPU
		{998A0176-4CF6-493A-B086-1FBBAF8CC24F}.Release|x86.ActiveCfg = Release|Any CPU
		{998A0176-4CF6-493A-B086-1FBBAF8CC24F}.Release|x86.Build.0 = Release|Any CPU
		{74EA38FF-0F16-43FD-8960-2E2FA1F9ECE5}.Debug|Any CPU.ActiveCfg = Debug|Any CPU
		{74EA38FF-0F16-43FD-8960-2E2FA1F9ECE5}.Debug|Any CPU.Build.0 = Debug|Any CPU
		{74EA38FF-0F16-43FD-8960-2E2FA1F9ECE5}.Debug|x64.ActiveCfg = Debug|Any CPU
		{74EA38FF-0F16-43FD-8960-2E2FA1F9ECE5}.Debug|x64.Build.0 = Debug|Any CPU
		{74EA38FF-0F16-43FD-8960-2E2FA1F9ECE5}.Debug|x86.ActiveCfg = Debug|Any CPU
		{74EA38FF-0F16-43FD-8960-2E2FA1F9ECE5}.Debug|x86.Build.0 = Debug|Any CPU
		{74EA38FF-0F16-43FD-8960-2E2FA1F9ECE5}.Release|Any CPU.ActiveCfg = Release|Any CPU
		{74EA38FF-0F16-43FD-8960-2E2FA1F9ECE5}.Release|Any CPU.Build.0 = Release|Any CPU
		{74EA38FF-0F16-43FD-8960-2E2FA1F9ECE5}.Release|x64.ActiveCfg = Release|Any CPU
		{74EA38FF-0F16-43FD-8960-2E2FA1F9ECE5}.Release|x64.Build.0 = Release|Any CPU
		{74EA38FF-0F16-43FD-8960-2E2FA1F9ECE5}.Release|x86.ActiveCfg = Release|Any CPU
		{74EA38FF-0F16-43FD-8960-2E2FA1F9ECE5}.Release|x86.Build.0 = Release|Any CPU
	EndGlobalSection
	GlobalSection(SolutionProperties) = preSolution
		HideSolutionNode = FALSE
	EndGlobalSection
	GlobalSection(NestedProjects) = preSolution
		{4E69950B-190F-48F5-9010-7B5D15F65678} = {3B0AA7E1-B3DB-426F-914D-13BE35224E5F}
		{BAC1791D-B129-4703-B36A-0EF17A138F94} = {3B0AA7E1-B3DB-426F-914D-13BE35224E5F}
		{453171C3-5F03-40A9-96EC-EF80528760E2} = {3B0AA7E1-B3DB-426F-914D-13BE35224E5F}
		{2F90C163-2AD1-47D6-ADE0-F156BE4033DC} = {3B0AA7E1-B3DB-426F-914D-13BE35224E5F}
		{998A0176-4CF6-493A-B086-1FBBAF8CC24F} = {3AB07DD6-46B0-4C18-9840-F0319637289C}
		{74EA38FF-0F16-43FD-8960-2E2FA1F9ECE5} = {3AB07DD6-46B0-4C18-9840-F0319637289C}
	EndGlobalSection
	GlobalSection(ExtensibilityGlobals) = postSolution
		SolutionGuid = {E361BA28-58A1-4EA9-A63C-2A8974EF9D51}
	EndGlobalSection
EndGlobal
